{
  "version": 4,
  "terraform_version": "1.3.4",
  "serial": 111,
  "lineage": "623cef4a-0c39-3b78-2fd9-135b8172cea3",
  "outputs": {},
  "resources": [
    {
      "mode": "managed",
      "type": "yandex_compute_disk",
      "name": "data-disk",
      "provider": "provider[\"registry.terraform.io/yandex-cloud/yandex\"]",
      "instances": [
        {
          "schema_version": 0,
          "attributes": {
            "allow_recreate": null,
            "block_size": 4096,
            "created_at": "2022-12-21T03:18:04Z",
            "description": "",
            "disk_placement_policy": [
              {
                "disk_placement_group_id": ""
              }
            ],
            "folder_id": "b1goupnugjp1vh1mvfkv",
            "id": "fhmlkrn9fhdm56vfg1of",
            "image_id": "",
            "labels": null,
            "name": "data",
            "product_ids": [],
            "size": 10,
            "snapshot_id": "",
            "status": "ready",
            "timeouts": null,
            "type": "network-hdd",
            "zone": "ru-central1-a"
          },
          "sensitive_attributes": [],
          "private": "eyJlMmJmYjczMC1lY2FhLTExZTYtOGY4OC0zNDM2M2JjN2M0YzAiOnsiY3JlYXRlIjozMDAwMDAwMDAwMDAsImRlbGV0ZSI6MzAwMDAwMDAwMDAwLCJ1cGRhdGUiOjMwMDAwMDAwMDAwMH19"
        }
      ]
    },
    {
      "mode": "managed",
      "type": "yandex_compute_image",
      "name": "centos-7",
      "provider": "provider[\"registry.terraform.io/yandex-cloud/yandex\"]",
      "instances": [
        {
          "schema_version": 0,
          "attributes": {
            "created_at": "2022-12-21T03:18:04Z",
            "description": "",
            "family": "",
            "folder_id": "b1goupnugjp1vh1mvfkv",
            "id": "fd8ibo1v6c9csvhqiso1",
            "labels": null,
            "min_disk_size": 10,
            "name": "",
            "os_type": null,
            "pooled": false,
            "product_ids": [
              "f2ei2tsbd97v7jap5rhc"
            ],
            "size": 1,
            "source_disk": null,
            "source_family": "centos-7",
            "source_image": null,
            "source_snapshot": null,
            "source_url": null,
            "status": "ready",
            "timeouts": null
          },
          "sensitive_attributes": [],
          "private": "eyJlMmJmYjczMC1lY2FhLTExZTYtOGY4OC0zNDM2M2JjN2M0YzAiOnsiY3JlYXRlIjozMDAwMDAwMDAwMDAsImRlbGV0ZSI6MzAwMDAwMDAwMDAwLCJ1cGRhdGUiOjMwMDAwMDAwMDAwMH19"
        }
      ]
    },
    {
      "mode": "managed",
      "type": "yandex_compute_instance",
      "name": "node-clent-centos",
      "provider": "provider[\"registry.terraform.io/yandex-cloud/yandex\"]",
      "instances": [
        {
          "index_key": 0,
          "schema_version": 1,
          "attributes": {
            "allow_recreate": null,
            "allow_stopping_for_update": null,
            "boot_disk": [
              {
                "auto_delete": true,
                "device_name": "fhmhum125to05026gqpm",
                "disk_id": "fhmhum125to05026gqpm",
                "initialize_params": [
                  {
                    "block_size": 4096,
                    "description": "",
                    "image_id": "fd8ibo1v6c9csvhqiso1",
                    "name": "",
                    "size": 10,
                    "snapshot_id": "",
                    "type": "network-hdd"
                  }
                ],
                "mode": "READ_WRITE"
              }
            ],
            "created_at": "2022-12-21T03:18:13Z",
            "description": "",
            "folder_id": "b1goupnugjp1vh1mvfkv",
            "fqdn": "fhmve0pr03npgjfb9nrq.auto.internal",
            "hostname": "",
            "id": "fhmve0pr03npgjfb9nrq",
            "labels": null,
            "local_disk": [],
            "metadata": {
              "ssh-keys": "centos:ssh-rsa AAAAB3NzaC1yc2EAAAADAQABAAABAQDJ03qd0rjdFtQbIWXJ1cMKp9VhagLeUDdGJ3aibpvVJOHvZP4gnFBim9OrW8ndJZjGxlycGtgUp7CX187zJ0eXPwllmVRVy7TnxQSJN2YcMFG1S0SS74pb6d/+F6soBbTluql1wa/2XEb86FZc1dYsLEkUw34AiNBDrIHPgB2zdrXCidKX1nfPjRskAqMF5qf02Cv8AnSIb+SJMj1eBQoSvl7AjOMplm0VXglGLi5cb+AEIVF1dfBuYL2bA/DHuWSOUGLg+jRQGLer7DDdojCrK4DqrbA3r/3ppCLQ6hYvgGsbz0LhTYCTA9cgvkQQQaiZqEC1EhMs/J2haE9gtilT shchipitcin_vv@nb-200702\n",
              "user-data": "#cloud-config\nusers:\n  - name: centos\n    groups: sudo\n    shell: /bin/bash\n    sudo: ['ALL=(ALL) NOPASSWD:ALL']\n    ssh_authorized_keys:\n      - \"ssh-rsa AAAAB3NzaC1yc2EAAAADAQABAAABAQDJ03qd0rjdFtQbIWXJ1cMKp9VhagLeUDdGJ3aibpvVJOHvZP4gnFBim9OrW8ndJZjGxlycGtgUp7CX187zJ0eXPwllmVRVy7TnxQSJN2YcMFG1S0SS74pb6d/+F6soBbTluql1wa/2XEb86FZc1dYsLEkUw34AiNBDrIHPgB2zdrXCidKX1nfPjRskAqMF5qf02Cv8AnSIb+SJMj1eBQoSvl7AjOMplm0VXglGLi5cb+AEIVF1dfBuYL2bA/DHuWSOUGLg+jRQGLer7DDdojCrK4DqrbA3r/3ppCLQ6hYvgGsbz0LhTYCTA9cgvkQQQaiZqEC1EhMs/J2haE9gtilT\"\n\npackages:\n  - epel-release\n  - nginx\n"
            },
            "name": "client-1",
            "network_acceleration_type": "standard",
            "network_interface": [
              {
                "dns_record": [],
                "index": 0,
                "ip_address": "192.168.10.21",
                "ipv4": true,
                "ipv6": false,
                "ipv6_address": "",
                "ipv6_dns_record": [],
                "mac_address": "d0:0d:1f:70:33:b0",
                "nat": true,
                "nat_dns_record": [],
                "nat_ip_address": "158.160.36.34",
                "nat_ip_version": "IPV4",
                "security_group_ids": [],
                "subnet_id": "e9b6smgiobqvi8fh8jk9"
              }
            ],
            "placement_policy": [
              {
                "host_affinity_rules": [],
                "placement_group_id": ""
              }
            ],
            "platform_id": "standard-v1",
            "resources": [
              {
                "core_fraction": 100,
                "cores": 2,
                "gpus": 0,
                "memory": 2
              }
            ],
            "scheduling_policy": [
              {
                "preemptible": true
              }
            ],
            "secondary_disk": [],
            "service_account_id": "",
            "status": "running",
            "timeouts": null,
            "zone": "ru-central1-a"
          },
          "sensitive_attributes": [],
          "private": "eyJlMmJmYjczMC1lY2FhLTExZTYtOGY4OC0zNDM2M2JjN2M0YzAiOnsiY3JlYXRlIjozMDAwMDAwMDAwMDAsImRlbGV0ZSI6MzAwMDAwMDAwMDAwLCJ1cGRhdGUiOjMwMDAwMDAwMDAwMH0sInNjaGVtYV92ZXJzaW9uIjoiMSJ9",
          "dependencies": [
            "yandex_compute_image.centos-7",
            "yandex_vpc_network.network-1",
            "yandex_vpc_subnet.subnet-1"
          ]
        },
        {
          "index_key": 1,
          "schema_version": 1,
          "attributes": {
            "allow_recreate": null,
            "allow_stopping_for_update": null,
            "boot_disk": [
              {
                "auto_delete": true,
                "device_name": "fhmhrfck5c72idctensj",
                "disk_id": "fhmhrfck5c72idctensj",
                "initialize_params": [
                  {
                    "block_size": 4096,
                    "description": "",
                    "image_id": "fd8ibo1v6c9csvhqiso1",
                    "name": "",
                    "size": 10,
                    "snapshot_id": "",
                    "type": "network-hdd"
                  }
                ],
                "mode": "READ_WRITE"
              }
            ],
            "created_at": "2022-12-21T03:18:13Z",
            "description": "",
            "folder_id": "b1goupnugjp1vh1mvfkv",
            "fqdn": "fhmijmohjp3vudkrrhkm.auto.internal",
            "hostname": "",
            "id": "fhmijmohjp3vudkrrhkm",
            "labels": null,
            "local_disk": [],
            "metadata": {
              "ssh-keys": "centos:ssh-rsa AAAAB3NzaC1yc2EAAAADAQABAAABAQDJ03qd0rjdFtQbIWXJ1cMKp9VhagLeUDdGJ3aibpvVJOHvZP4gnFBim9OrW8ndJZjGxlycGtgUp7CX187zJ0eXPwllmVRVy7TnxQSJN2YcMFG1S0SS74pb6d/+F6soBbTluql1wa/2XEb86FZc1dYsLEkUw34AiNBDrIHPgB2zdrXCidKX1nfPjRskAqMF5qf02Cv8AnSIb+SJMj1eBQoSvl7AjOMplm0VXglGLi5cb+AEIVF1dfBuYL2bA/DHuWSOUGLg+jRQGLer7DDdojCrK4DqrbA3r/3ppCLQ6hYvgGsbz0LhTYCTA9cgvkQQQaiZqEC1EhMs/J2haE9gtilT shchipitcin_vv@nb-200702\n",
              "user-data": "#cloud-config\nusers:\n  - name: centos\n    groups: sudo\n    shell: /bin/bash\n    sudo: ['ALL=(ALL) NOPASSWD:ALL']\n    ssh_authorized_keys:\n      - \"ssh-rsa AAAAB3NzaC1yc2EAAAADAQABAAABAQDJ03qd0rjdFtQbIWXJ1cMKp9VhagLeUDdGJ3aibpvVJOHvZP4gnFBim9OrW8ndJZjGxlycGtgUp7CX187zJ0eXPwllmVRVy7TnxQSJN2YcMFG1S0SS74pb6d/+F6soBbTluql1wa/2XEb86FZc1dYsLEkUw34AiNBDrIHPgB2zdrXCidKX1nfPjRskAqMF5qf02Cv8AnSIb+SJMj1eBQoSvl7AjOMplm0VXglGLi5cb+AEIVF1dfBuYL2bA/DHuWSOUGLg+jRQGLer7DDdojCrK4DqrbA3r/3ppCLQ6hYvgGsbz0LhTYCTA9cgvkQQQaiZqEC1EhMs/J2haE9gtilT\"\n\npackages:\n  - epel-release\n  - nginx\n"
            },
            "name": "client-2",
            "network_acceleration_type": "standard",
            "network_interface": [
              {
                "dns_record": [],
                "index": 0,
                "ip_address": "192.168.10.4",
                "ipv4": true,
                "ipv6": false,
                "ipv6_address": "",
                "ipv6_dns_record": [],
                "mac_address": "d0:0d:12:9d:b1:19",
                "nat": true,
                "nat_dns_record": [],
                "nat_ip_address": "84.252.130.96",
                "nat_ip_version": "IPV4",
                "security_group_ids": [],
                "subnet_id": "e9b6smgiobqvi8fh8jk9"
              }
            ],
            "placement_policy": [
              {
                "host_affinity_rules": [],
                "placement_group_id": ""
              }
            ],
            "platform_id": "standard-v1",
            "resources": [
              {
                "core_fraction": 100,
                "cores": 2,
                "gpus": 0,
                "memory": 2
              }
            ],
            "scheduling_policy": [
              {
                "preemptible": true
              }
            ],
            "secondary_disk": [],
            "service_account_id": "",
            "status": "running",
            "timeouts": null,
            "zone": "ru-central1-a"
          },
          "sensitive_attributes": [],
          "private": "eyJlMmJmYjczMC1lY2FhLTExZTYtOGY4OC0zNDM2M2JjN2M0YzAiOnsiY3JlYXRlIjozMDAwMDAwMDAwMDAsImRlbGV0ZSI6MzAwMDAwMDAwMDAwLCJ1cGRhdGUiOjMwMDAwMDAwMDAwMH0sInNjaGVtYV92ZXJzaW9uIjoiMSJ9",
          "dependencies": [
            "yandex_compute_image.centos-7",
            "yandex_vpc_network.network-1",
            "yandex_vpc_subnet.subnet-1"
          ]
        },
        {
          "index_key": 2,
          "schema_version": 1,
          "attributes": {
            "allow_recreate": null,
            "allow_stopping_for_update": null,
            "boot_disk": [
              {
                "auto_delete": true,
                "device_name": "fhmqdjscakcl9sb4548p",
                "disk_id": "fhmqdjscakcl9sb4548p",
                "initialize_params": [
                  {
                    "block_size": 4096,
                    "description": "",
                    "image_id": "fd8ibo1v6c9csvhqiso1",
                    "name": "",
                    "size": 10,
                    "snapshot_id": "",
                    "type": "network-hdd"
                  }
                ],
                "mode": "READ_WRITE"
              }
            ],
            "created_at": "2022-12-21T03:18:13Z",
            "description": "",
            "folder_id": "b1goupnugjp1vh1mvfkv",
            "fqdn": "fhmmu62qcef14phenhbl.auto.internal",
            "hostname": "",
            "id": "fhmmu62qcef14phenhbl",
            "labels": null,
            "local_disk": [],
            "metadata": {
              "ssh-keys": "centos:ssh-rsa AAAAB3NzaC1yc2EAAAADAQABAAABAQDJ03qd0rjdFtQbIWXJ1cMKp9VhagLeUDdGJ3aibpvVJOHvZP4gnFBim9OrW8ndJZjGxlycGtgUp7CX187zJ0eXPwllmVRVy7TnxQSJN2YcMFG1S0SS74pb6d/+F6soBbTluql1wa/2XEb86FZc1dYsLEkUw34AiNBDrIHPgB2zdrXCidKX1nfPjRskAqMF5qf02Cv8AnSIb+SJMj1eBQoSvl7AjOMplm0VXglGLi5cb+AEIVF1dfBuYL2bA/DHuWSOUGLg+jRQGLer7DDdojCrK4DqrbA3r/3ppCLQ6hYvgGsbz0LhTYCTA9cgvkQQQaiZqEC1EhMs/J2haE9gtilT shchipitcin_vv@nb-200702\n",
              "user-data": "#cloud-config\nusers:\n  - name: centos\n    groups: sudo\n    shell: /bin/bash\n    sudo: ['ALL=(ALL) NOPASSWD:ALL']\n    ssh_authorized_keys:\n      - \"ssh-rsa AAAAB3NzaC1yc2EAAAADAQABAAABAQDJ03qd0rjdFtQbIWXJ1cMKp9VhagLeUDdGJ3aibpvVJOHvZP4gnFBim9OrW8ndJZjGxlycGtgUp7CX187zJ0eXPwllmVRVy7TnxQSJN2YcMFG1S0SS74pb6d/+F6soBbTluql1wa/2XEb86FZc1dYsLEkUw34AiNBDrIHPgB2zdrXCidKX1nfPjRskAqMF5qf02Cv8AnSIb+SJMj1eBQoSvl7AjOMplm0VXglGLi5cb+AEIVF1dfBuYL2bA/DHuWSOUGLg+jRQGLer7DDdojCrK4DqrbA3r/3ppCLQ6hYvgGsbz0LhTYCTA9cgvkQQQaiZqEC1EhMs/J2haE9gtilT\"\n\npackages:\n  - epel-release\n  - nginx\n"
            },
            "name": "client-3",
            "network_acceleration_type": "standard",
            "network_interface": [
              {
                "dns_record": [],
                "index": 0,
                "ip_address": "192.168.10.3",
                "ipv4": true,
                "ipv6": false,
                "ipv6_address": "",
                "ipv6_dns_record": [],
                "mac_address": "d0:0d:16:f1:85:a6",
                "nat": true,
                "nat_dns_record": [],
                "nat_ip_address": "62.84.118.41",
                "nat_ip_version": "IPV4",
                "security_group_ids": [],
                "subnet_id": "e9b6smgiobqvi8fh8jk9"
              }
            ],
            "placement_policy": [
              {
                "host_affinity_rules": [],
                "placement_group_id": ""
              }
            ],
            "platform_id": "standard-v1",
            "resources": [
              {
                "core_fraction": 100,
                "cores": 2,
                "gpus": 0,
                "memory": 2
              }
            ],
            "scheduling_policy": [
              {
                "preemptible": true
              }
            ],
            "secondary_disk": [],
            "service_account_id": "",
            "status": "running",
            "timeouts": null,
            "zone": "ru-central1-a"
          },
          "sensitive_attributes": [],
          "private": "eyJlMmJmYjczMC1lY2FhLTExZTYtOGY4OC0zNDM2M2JjN2M0YzAiOnsiY3JlYXRlIjozMDAwMDAwMDAwMDAsImRlbGV0ZSI6MzAwMDAwMDAwMDAwLCJ1cGRhdGUiOjMwMDAwMDAwMDAwMH0sInNjaGVtYV92ZXJzaW9uIjoiMSJ9",
          "dependencies": [
            "yandex_compute_image.centos-7",
            "yandex_vpc_network.network-1",
            "yandex_vpc_subnet.subnet-1"
          ]
        }
      ]
    },
    {
      "mode": "managed",
      "type": "yandex_compute_instance",
      "name": "node-server-centos",
      "provider": "provider[\"registry.terraform.io/yandex-cloud/yandex\"]",
      "instances": [
        {
          "schema_version": 1,
          "attributes": {
            "allow_recreate": null,
            "allow_stopping_for_update": null,
            "boot_disk": [
              {
                "auto_delete": true,
                "device_name": "fhma93hpu3l3s5qijjo0",
                "disk_id": "fhma93hpu3l3s5qijjo0",
                "initialize_params": [
                  {
                    "block_size": 4096,
                    "description": "",
                    "image_id": "fd8ibo1v6c9csvhqiso1",
                    "name": "",
                    "size": 10,
                    "snapshot_id": "",
                    "type": "network-hdd"
                  }
                ],
                "mode": "READ_WRITE"
              }
            ],
            "created_at": "2022-12-21T03:18:13Z",
            "description": "",
            "folder_id": "b1goupnugjp1vh1mvfkv",
            "fqdn": "fhm45hefitq44kh68mv8.auto.internal",
            "hostname": "",
            "id": "fhm45hefitq44kh68mv8",
            "labels": null,
            "local_disk": [],
            "metadata": {
              "ssh-keys": "centos:ssh-rsa AAAAB3NzaC1yc2EAAAADAQABAAABAQDJ03qd0rjdFtQbIWXJ1cMKp9VhagLeUDdGJ3aibpvVJOHvZP4gnFBim9OrW8ndJZjGxlycGtgUp7CX187zJ0eXPwllmVRVy7TnxQSJN2YcMFG1S0SS74pb6d/+F6soBbTluql1wa/2XEb86FZc1dYsLEkUw34AiNBDrIHPgB2zdrXCidKX1nfPjRskAqMF5qf02Cv8AnSIb+SJMj1eBQoSvl7AjOMplm0VXglGLi5cb+AEIVF1dfBuYL2bA/DHuWSOUGLg+jRQGLer7DDdojCrK4DqrbA3r/3ppCLQ6hYvgGsbz0LhTYCTA9cgvkQQQaiZqEC1EhMs/J2haE9gtilT shchipitcin_vv@nb-200702\n",
              "user-data": "#cloud-config\nusers:\n  - name: centos\n    groups: sudo\n    shell: /bin/bash\n    sudo: ['ALL=(ALL) NOPASSWD:ALL']\n    ssh_authorized_keys:\n      - \"ssh-rsa AAAAB3NzaC1yc2EAAAADAQABAAABAQDJ03qd0rjdFtQbIWXJ1cMKp9VhagLeUDdGJ3aibpvVJOHvZP4gnFBim9OrW8ndJZjGxlycGtgUp7CX187zJ0eXPwllmVRVy7TnxQSJN2YcMFG1S0SS74pb6d/+F6soBbTluql1wa/2XEb86FZc1dYsLEkUw34AiNBDrIHPgB2zdrXCidKX1nfPjRskAqMF5qf02Cv8AnSIb+SJMj1eBQoSvl7AjOMplm0VXglGLi5cb+AEIVF1dfBuYL2bA/DHuWSOUGLg+jRQGLer7DDdojCrK4DqrbA3r/3ppCLQ6hYvgGsbz0LhTYCTA9cgvkQQQaiZqEC1EhMs/J2haE9gtilT\"\n\npackages:\n  - epel-release\n  - nginx\n"
            },
            "name": "fs-server",
            "network_acceleration_type": "standard",
            "network_interface": [
              {
                "dns_record": [],
                "index": 0,
                "ip_address": "192.168.10.10",
                "ipv4": true,
                "ipv6": false,
                "ipv6_address": "",
                "ipv6_dns_record": [],
                "mac_address": "d0:0d:42:c5:cf:97",
                "nat": true,
                "nat_dns_record": [],
                "nat_ip_address": "158.160.49.146",
                "nat_ip_version": "IPV4",
                "security_group_ids": [],
                "subnet_id": "e9b6smgiobqvi8fh8jk9"
              }
            ],
            "placement_policy": [
              {
                "host_affinity_rules": [],
                "placement_group_id": ""
              }
            ],
            "platform_id": "standard-v1",
            "resources": [
              {
                "core_fraction": 100,
                "cores": 2,
                "gpus": 0,
                "memory": 2
              }
            ],
            "scheduling_policy": [
              {
                "preemptible": true
              }
            ],
            "secondary_disk": [
              {
                "auto_delete": false,
                "device_name": "fhmlkrn9fhdm56vfg1of",
                "disk_id": "fhmlkrn9fhdm56vfg1of",
                "mode": "READ_WRITE"
              }
            ],
            "service_account_id": "",
            "status": "running",
            "timeouts": null,
            "zone": "ru-central1-a"
          },
          "sensitive_attributes": [],
          "private": "eyJlMmJmYjczMC1lY2FhLTExZTYtOGY4OC0zNDM2M2JjN2M0YzAiOnsiY3JlYXRlIjozMDAwMDAwMDAwMDAsImRlbGV0ZSI6MzAwMDAwMDAwMDAwLCJ1cGRhdGUiOjMwMDAwMDAwMDAwMH0sInNjaGVtYV92ZXJzaW9uIjoiMSJ9",
          "dependencies": [
            "yandex_compute_disk.data-disk",
            "yandex_compute_image.centos-7",
            "yandex_vpc_network.network-1",
            "yandex_vpc_subnet.subnet-1"
          ]
        }
      ]
    },
    {
      "mode": "managed",
      "type": "yandex_vpc_network",
      "name": "network-1",
      "provider": "provider[\"registry.terraform.io/yandex-cloud/yandex\"]",
      "instances": [
        {
          "schema_version": 0,
          "attributes": {
            "created_at": "2022-12-21T03:18:04Z",
            "default_security_group_id": "",
            "description": "",
            "folder_id": "b1goupnugjp1vh1mvfkv",
            "id": "enpk1je297bbj0osganh",
            "labels": {},
            "name": "network1",
            "subnet_ids": [],
            "timeouts": null
          },
          "sensitive_attributes": [],
          "private": "eyJlMmJmYjczMC1lY2FhLTExZTYtOGY4OC0zNDM2M2JjN2M0YzAiOnsiY3JlYXRlIjo2MDAwMDAwMDAwMCwiZGVsZXRlIjo2MDAwMDAwMDAwMCwidXBkYXRlIjo2MDAwMDAwMDAwMH19"
        }
      ]
    },
    {
      "mode": "managed",
      "type": "yandex_vpc_subnet",
      "name": "subnet-1",
      "provider": "provider[\"registry.terraform.io/yandex-cloud/yandex\"]",
      "instances": [
        {
          "schema_version": 0,
          "attributes": {
            "created_at": "2022-12-21T03:18:06Z",
            "description": "",
            "dhcp_options": [],
            "folder_id": "b1goupnugjp1vh1mvfkv",
            "id": "e9b6smgiobqvi8fh8jk9",
            "labels": {},
            "name": "subnet-1",
            "network_id": "enpk1je297bbj0osganh",
            "route_table_id": "",
            "timeouts": null,
            "v4_cidr_blocks": [
              "192.168.10.0/24"
            ],
            "v6_cidr_blocks": [],
            "zone": "ru-central1-a"
          },
          "sensitive_attributes": [],
          "private": "eyJlMmJmYjczMC1lY2FhLTExZTYtOGY4OC0zNDM2M2JjN2M0YzAiOnsiY3JlYXRlIjoxODAwMDAwMDAwMDAsImRlbGV0ZSI6MTgwMDAwMDAwMDAwLCJ1cGRhdGUiOjE4MDAwMDAwMDAwMH19",
          "dependencies": [
            "yandex_vpc_network.network-1"
          ]
        }
      ]
    }
  ],
  "check_results": null
}
