{
  "version": 4,
  "terraform_version": "1.3.4",
  "serial": 93,
  "lineage": "623cef4a-0c39-3b78-2fd9-135b8172cea3",
  "outputs": {},
  "resources": [
    {
      "mode": "managed",
      "type": "yandex_compute_disk",
      "name": "data-disk",
      "provider": "provider[\"registry.terraform.io/yandex-cloud/yandex\"]",
      "instances": [
        {
          "schema_version": 0,
          "attributes": {
            "allow_recreate": null,
            "block_size": 4096,
            "created_at": "2022-12-07T20:34:12Z",
            "description": "",
            "disk_placement_policy": [
              {
                "disk_placement_group_id": ""
              }
            ],
            "folder_id": "b1goupnugjp1vh1mvfkv",
            "id": "fhmtr2svaf0bb7blkj5r",
            "image_id": "",
            "labels": {},
            "name": "data",
            "product_ids": [],
            "size": 10,
            "snapshot_id": "",
            "status": "ready",
            "timeouts": null,
            "type": "network-hdd",
            "zone": "ru-central1-a"
          },
          "sensitive_attributes": [],
          "private": "eyJlMmJmYjczMC1lY2FhLTExZTYtOGY4OC0zNDM2M2JjN2M0YzAiOnsiY3JlYXRlIjozMDAwMDAwMDAwMDAsImRlbGV0ZSI6MzAwMDAwMDAwMDAwLCJ1cGRhdGUiOjMwMDAwMDAwMDAwMH19"
        }
      ]
    },
    {
      "mode": "managed",
      "type": "yandex_compute_image",
      "name": "centos-7",
      "provider": "provider[\"registry.terraform.io/yandex-cloud/yandex\"]",
      "instances": [
        {
          "schema_version": 0,
          "attributes": {
            "created_at": "2022-12-07T20:13:21Z",
            "description": "",
            "family": "",
            "folder_id": "b1goupnugjp1vh1mvfkv",
            "id": "fd8g8m1ai7dr7cdj6n00",
            "labels": {},
            "min_disk_size": 10,
            "name": "",
            "os_type": null,
            "pooled": false,
            "product_ids": [
              "f2ei2tsbd97v7jap5rhc"
            ],
            "size": 1,
            "source_disk": null,
            "source_family": "centos-7",
            "source_image": null,
            "source_snapshot": null,
            "source_url": null,
            "status": "ready",
            "timeouts": null
          },
          "sensitive_attributes": [],
          "private": "eyJlMmJmYjczMC1lY2FhLTExZTYtOGY4OC0zNDM2M2JjN2M0YzAiOnsiY3JlYXRlIjozMDAwMDAwMDAwMDAsImRlbGV0ZSI6MzAwMDAwMDAwMDAwLCJ1cGRhdGUiOjMwMDAwMDAwMDAwMH19"
        }
      ]
    },
    {
      "mode": "managed",
      "type": "yandex_compute_instance",
      "name": "node-clent-centos",
      "provider": "provider[\"registry.terraform.io/yandex-cloud/yandex\"]",
      "instances": [
        {
          "index_key": 0,
          "schema_version": 1,
          "attributes": {
            "allow_recreate": null,
            "allow_stopping_for_update": null,
            "boot_disk": [
              {
                "auto_delete": true,
                "device_name": "fhmqb8e9j8ohfdum0glt",
                "disk_id": "fhmqb8e9j8ohfdum0glt",
                "initialize_params": [
                  {
                    "block_size": 4096,
                    "description": "",
                    "image_id": "fd8g8m1ai7dr7cdj6n00",
                    "name": "",
                    "size": 10,
                    "snapshot_id": "",
                    "type": "network-hdd"
                  }
                ],
                "mode": "READ_WRITE"
              }
            ],
            "created_at": "2022-12-07T20:13:29Z",
            "description": "",
            "folder_id": "b1goupnugjp1vh1mvfkv",
            "fqdn": "fhmrs9k863fiaqrjtt6l.auto.internal",
            "hostname": "",
            "id": "fhmrs9k863fiaqrjtt6l",
            "labels": {},
            "local_disk": [],
            "metadata": {
              "ssh-keys": "centos:ssh-rsa AAAAB3NzaC1yc2EAAAADAQABAAABAQDJ03qd0rjdFtQbIWXJ1cMKp9VhagLeUDdGJ3aibpvVJOHvZP4gnFBim9OrW8ndJZjGxlycGtgUp7CX187zJ0eXPwllmVRVy7TnxQSJN2YcMFG1S0SS74pb6d/+F6soBbTluql1wa/2XEb86FZc1dYsLEkUw34AiNBDrIHPgB2zdrXCidKX1nfPjRskAqMF5qf02Cv8AnSIb+SJMj1eBQoSvl7AjOMplm0VXglGLi5cb+AEIVF1dfBuYL2bA/DHuWSOUGLg+jRQGLer7DDdojCrK4DqrbA3r/3ppCLQ6hYvgGsbz0LhTYCTA9cgvkQQQaiZqEC1EhMs/J2haE9gtilT shchipitcin_vv@nb-200702\n",
              "user-data": "#cloud-config\nusers:\n  - name: centos\n    groups: sudo\n    shell: /bin/bash\n    sudo: ['ALL=(ALL) NOPASSWD:ALL']\n    ssh_authorized_keys:\n      - \"ssh-rsa AAAAB3NzaC1yc2EAAAADAQABAAABAQDJ03qd0rjdFtQbIWXJ1cMKp9VhagLeUDdGJ3aibpvVJOHvZP4gnFBim9OrW8ndJZjGxlycGtgUp7CX187zJ0eXPwllmVRVy7TnxQSJN2YcMFG1S0SS74pb6d/+F6soBbTluql1wa/2XEb86FZc1dYsLEkUw34AiNBDrIHPgB2zdrXCidKX1nfPjRskAqMF5qf02Cv8AnSIb+SJMj1eBQoSvl7AjOMplm0VXglGLi5cb+AEIVF1dfBuYL2bA/DHuWSOUGLg+jRQGLer7DDdojCrK4DqrbA3r/3ppCLQ6hYvgGsbz0LhTYCTA9cgvkQQQaiZqEC1EhMs/J2haE9gtilT\"\n\npackages:\n  - epel-release\n  - nginx\n"
            },
            "name": "client-1",
            "network_acceleration_type": "standard",
            "network_interface": [
              {
                "dns_record": [],
                "index": 0,
                "ip_address": "192.168.10.12",
                "ipv4": true,
                "ipv6": false,
                "ipv6_address": "",
                "ipv6_dns_record": [],
                "mac_address": "d0:0d:1b:e2:68:83",
                "nat": true,
                "nat_dns_record": [],
                "nat_ip_address": "51.250.71.153",
                "nat_ip_version": "IPV4",
                "security_group_ids": [],
                "subnet_id": "e9b7vitdio3bna4tu04l"
              }
            ],
            "placement_policy": [
              {
                "host_affinity_rules": [],
                "placement_group_id": ""
              }
            ],
            "platform_id": "standard-v1",
            "resources": [
              {
                "core_fraction": 100,
                "cores": 2,
                "gpus": 0,
                "memory": 2
              }
            ],
            "scheduling_policy": [
              {
                "preemptible": true
              }
            ],
            "secondary_disk": [],
            "service_account_id": "",
            "status": "running",
            "timeouts": null,
            "zone": "ru-central1-a"
          },
          "sensitive_attributes": [],
          "private": "eyJlMmJmYjczMC1lY2FhLTExZTYtOGY4OC0zNDM2M2JjN2M0YzAiOnsiY3JlYXRlIjozMDAwMDAwMDAwMDAsImRlbGV0ZSI6MzAwMDAwMDAwMDAwLCJ1cGRhdGUiOjMwMDAwMDAwMDAwMH0sInNjaGVtYV92ZXJzaW9uIjoiMSJ9",
          "dependencies": [
            "yandex_compute_image.centos-7",
            "yandex_vpc_subnet.subnet-1"
          ]
        },
        {
          "index_key": 1,
          "schema_version": 1,
          "attributes": {
            "allow_recreate": null,
            "allow_stopping_for_update": null,
            "boot_disk": [
              {
                "auto_delete": true,
                "device_name": "fhmmghkoquogjm0fhlv2",
                "disk_id": "fhmmghkoquogjm0fhlv2",
                "initialize_params": [
                  {
                    "block_size": 4096,
                    "description": "",
                    "image_id": "fd8g8m1ai7dr7cdj6n00",
                    "name": "",
                    "size": 10,
                    "snapshot_id": "",
                    "type": "network-hdd"
                  }
                ],
                "mode": "READ_WRITE"
              }
            ],
            "created_at": "2022-12-07T20:13:29Z",
            "description": "",
            "folder_id": "b1goupnugjp1vh1mvfkv",
            "fqdn": "fhmalqc7s66g511b8r5t.auto.internal",
            "hostname": "",
            "id": "fhmalqc7s66g511b8r5t",
            "labels": {},
            "local_disk": [],
            "metadata": {
              "ssh-keys": "centos:ssh-rsa AAAAB3NzaC1yc2EAAAADAQABAAABAQDJ03qd0rjdFtQbIWXJ1cMKp9VhagLeUDdGJ3aibpvVJOHvZP4gnFBim9OrW8ndJZjGxlycGtgUp7CX187zJ0eXPwllmVRVy7TnxQSJN2YcMFG1S0SS74pb6d/+F6soBbTluql1wa/2XEb86FZc1dYsLEkUw34AiNBDrIHPgB2zdrXCidKX1nfPjRskAqMF5qf02Cv8AnSIb+SJMj1eBQoSvl7AjOMplm0VXglGLi5cb+AEIVF1dfBuYL2bA/DHuWSOUGLg+jRQGLer7DDdojCrK4DqrbA3r/3ppCLQ6hYvgGsbz0LhTYCTA9cgvkQQQaiZqEC1EhMs/J2haE9gtilT shchipitcin_vv@nb-200702\n",
              "user-data": "#cloud-config\nusers:\n  - name: centos\n    groups: sudo\n    shell: /bin/bash\n    sudo: ['ALL=(ALL) NOPASSWD:ALL']\n    ssh_authorized_keys:\n      - \"ssh-rsa AAAAB3NzaC1yc2EAAAADAQABAAABAQDJ03qd0rjdFtQbIWXJ1cMKp9VhagLeUDdGJ3aibpvVJOHvZP4gnFBim9OrW8ndJZjGxlycGtgUp7CX187zJ0eXPwllmVRVy7TnxQSJN2YcMFG1S0SS74pb6d/+F6soBbTluql1wa/2XEb86FZc1dYsLEkUw34AiNBDrIHPgB2zdrXCidKX1nfPjRskAqMF5qf02Cv8AnSIb+SJMj1eBQoSvl7AjOMplm0VXglGLi5cb+AEIVF1dfBuYL2bA/DHuWSOUGLg+jRQGLer7DDdojCrK4DqrbA3r/3ppCLQ6hYvgGsbz0LhTYCTA9cgvkQQQaiZqEC1EhMs/J2haE9gtilT\"\n\npackages:\n  - epel-release\n  - nginx\n"
            },
            "name": "client-2",
            "network_acceleration_type": "standard",
            "network_interface": [
              {
                "dns_record": [],
                "index": 0,
                "ip_address": "192.168.10.18",
                "ipv4": true,
                "ipv6": false,
                "ipv6_address": "",
                "ipv6_dns_record": [],
                "mac_address": "d0:0d:aa:e9:87:e1",
                "nat": true,
                "nat_dns_record": [],
                "nat_ip_address": "51.250.65.180",
                "nat_ip_version": "IPV4",
                "security_group_ids": [],
                "subnet_id": "e9b7vitdio3bna4tu04l"
              }
            ],
            "placement_policy": [
              {
                "host_affinity_rules": [],
                "placement_group_id": ""
              }
            ],
            "platform_id": "standard-v1",
            "resources": [
              {
                "core_fraction": 100,
                "cores": 2,
                "gpus": 0,
                "memory": 2
              }
            ],
            "scheduling_policy": [
              {
                "preemptible": true
              }
            ],
            "secondary_disk": [],
            "service_account_id": "",
            "status": "running",
            "timeouts": null,
            "zone": "ru-central1-a"
          },
          "sensitive_attributes": [],
          "private": "eyJlMmJmYjczMC1lY2FhLTExZTYtOGY4OC0zNDM2M2JjN2M0YzAiOnsiY3JlYXRlIjozMDAwMDAwMDAwMDAsImRlbGV0ZSI6MzAwMDAwMDAwMDAwLCJ1cGRhdGUiOjMwMDAwMDAwMDAwMH0sInNjaGVtYV92ZXJzaW9uIjoiMSJ9",
          "dependencies": [
            "yandex_compute_image.centos-7",
            "yandex_vpc_subnet.subnet-1"
          ]
        },
        {
          "index_key": 2,
          "schema_version": 1,
          "attributes": {
            "allow_recreate": null,
            "allow_stopping_for_update": null,
            "boot_disk": [
              {
                "auto_delete": true,
                "device_name": "fhmd2mqh8sot4qo9fdn9",
                "disk_id": "fhmd2mqh8sot4qo9fdn9",
                "initialize_params": [
                  {
                    "block_size": 4096,
                    "description": "",
                    "image_id": "fd8g8m1ai7dr7cdj6n00",
                    "name": "",
                    "size": 10,
                    "snapshot_id": "",
                    "type": "network-hdd"
                  }
                ],
                "mode": "READ_WRITE"
              }
            ],
            "created_at": "2022-12-07T20:13:29Z",
            "description": "",
            "folder_id": "b1goupnugjp1vh1mvfkv",
            "fqdn": "fhmtddg0s30oti90dpsl.auto.internal",
            "hostname": "",
            "id": "fhmtddg0s30oti90dpsl",
            "labels": {},
            "local_disk": [],
            "metadata": {
              "ssh-keys": "centos:ssh-rsa AAAAB3NzaC1yc2EAAAADAQABAAABAQDJ03qd0rjdFtQbIWXJ1cMKp9VhagLeUDdGJ3aibpvVJOHvZP4gnFBim9OrW8ndJZjGxlycGtgUp7CX187zJ0eXPwllmVRVy7TnxQSJN2YcMFG1S0SS74pb6d/+F6soBbTluql1wa/2XEb86FZc1dYsLEkUw34AiNBDrIHPgB2zdrXCidKX1nfPjRskAqMF5qf02Cv8AnSIb+SJMj1eBQoSvl7AjOMplm0VXglGLi5cb+AEIVF1dfBuYL2bA/DHuWSOUGLg+jRQGLer7DDdojCrK4DqrbA3r/3ppCLQ6hYvgGsbz0LhTYCTA9cgvkQQQaiZqEC1EhMs/J2haE9gtilT shchipitcin_vv@nb-200702\n",
              "user-data": "#cloud-config\nusers:\n  - name: centos\n    groups: sudo\n    shell: /bin/bash\n    sudo: ['ALL=(ALL) NOPASSWD:ALL']\n    ssh_authorized_keys:\n      - \"ssh-rsa AAAAB3NzaC1yc2EAAAADAQABAAABAQDJ03qd0rjdFtQbIWXJ1cMKp9VhagLeUDdGJ3aibpvVJOHvZP4gnFBim9OrW8ndJZjGxlycGtgUp7CX187zJ0eXPwllmVRVy7TnxQSJN2YcMFG1S0SS74pb6d/+F6soBbTluql1wa/2XEb86FZc1dYsLEkUw34AiNBDrIHPgB2zdrXCidKX1nfPjRskAqMF5qf02Cv8AnSIb+SJMj1eBQoSvl7AjOMplm0VXglGLi5cb+AEIVF1dfBuYL2bA/DHuWSOUGLg+jRQGLer7DDdojCrK4DqrbA3r/3ppCLQ6hYvgGsbz0LhTYCTA9cgvkQQQaiZqEC1EhMs/J2haE9gtilT\"\n\npackages:\n  - epel-release\n  - nginx\n"
            },
            "name": "client-3",
            "network_acceleration_type": "standard",
            "network_interface": [
              {
                "dns_record": [],
                "index": 0,
                "ip_address": "192.168.10.36",
                "ipv4": true,
                "ipv6": false,
                "ipv6_address": "",
                "ipv6_dns_record": [],
                "mac_address": "d0:0d:1d:6b:60:0e",
                "nat": true,
                "nat_dns_record": [],
                "nat_ip_address": "51.250.72.100",
                "nat_ip_version": "IPV4",
                "security_group_ids": [],
                "subnet_id": "e9b7vitdio3bna4tu04l"
              }
            ],
            "placement_policy": [
              {
                "host_affinity_rules": [],
                "placement_group_id": ""
              }
            ],
            "platform_id": "standard-v1",
            "resources": [
              {
                "core_fraction": 100,
                "cores": 2,
                "gpus": 0,
                "memory": 2
              }
            ],
            "scheduling_policy": [
              {
                "preemptible": true
              }
            ],
            "secondary_disk": [],
            "service_account_id": "",
            "status": "running",
            "timeouts": null,
            "zone": "ru-central1-a"
          },
          "sensitive_attributes": [],
          "private": "eyJlMmJmYjczMC1lY2FhLTExZTYtOGY4OC0zNDM2M2JjN2M0YzAiOnsiY3JlYXRlIjozMDAwMDAwMDAwMDAsImRlbGV0ZSI6MzAwMDAwMDAwMDAwLCJ1cGRhdGUiOjMwMDAwMDAwMDAwMH0sInNjaGVtYV92ZXJzaW9uIjoiMSJ9",
          "dependencies": [
            "yandex_compute_image.centos-7",
            "yandex_vpc_subnet.subnet-1"
          ]
        }
      ]
    },
    {
      "mode": "managed",
      "type": "yandex_compute_instance",
      "name": "node-server-centos",
      "provider": "provider[\"registry.terraform.io/yandex-cloud/yandex\"]",
      "instances": [
        {
          "schema_version": 1,
          "attributes": {
            "allow_recreate": null,
            "allow_stopping_for_update": null,
            "boot_disk": [
              {
                "auto_delete": true,
                "device_name": "fhmcs86586je3o5sla7t",
                "disk_id": "fhmcs86586je3o5sla7t",
                "initialize_params": [
                  {
                    "block_size": 4096,
                    "description": "",
                    "image_id": "fd8g8m1ai7dr7cdj6n00",
                    "name": "",
                    "size": 10,
                    "snapshot_id": "",
                    "type": "network-hdd"
                  }
                ],
                "mode": "READ_WRITE"
              }
            ],
            "created_at": "2022-12-07T20:17:43Z",
            "description": "",
            "folder_id": "b1goupnugjp1vh1mvfkv",
            "fqdn": "fhm76m9t9k7ljbvnd014.auto.internal",
            "hostname": "",
            "id": "fhm76m9t9k7ljbvnd014",
            "labels": {},
            "local_disk": [],
            "metadata": {
              "ssh-keys": "centos:ssh-rsa AAAAB3NzaC1yc2EAAAADAQABAAABAQDJ03qd0rjdFtQbIWXJ1cMKp9VhagLeUDdGJ3aibpvVJOHvZP4gnFBim9OrW8ndJZjGxlycGtgUp7CX187zJ0eXPwllmVRVy7TnxQSJN2YcMFG1S0SS74pb6d/+F6soBbTluql1wa/2XEb86FZc1dYsLEkUw34AiNBDrIHPgB2zdrXCidKX1nfPjRskAqMF5qf02Cv8AnSIb+SJMj1eBQoSvl7AjOMplm0VXglGLi5cb+AEIVF1dfBuYL2bA/DHuWSOUGLg+jRQGLer7DDdojCrK4DqrbA3r/3ppCLQ6hYvgGsbz0LhTYCTA9cgvkQQQaiZqEC1EhMs/J2haE9gtilT shchipitcin_vv@nb-200702\n",
              "user-data": "#cloud-config\nusers:\n  - name: centos\n    groups: sudo\n    shell: /bin/bash\n    sudo: ['ALL=(ALL) NOPASSWD:ALL']\n    ssh_authorized_keys:\n      - \"ssh-rsa AAAAB3NzaC1yc2EAAAADAQABAAABAQDJ03qd0rjdFtQbIWXJ1cMKp9VhagLeUDdGJ3aibpvVJOHvZP4gnFBim9OrW8ndJZjGxlycGtgUp7CX187zJ0eXPwllmVRVy7TnxQSJN2YcMFG1S0SS74pb6d/+F6soBbTluql1wa/2XEb86FZc1dYsLEkUw34AiNBDrIHPgB2zdrXCidKX1nfPjRskAqMF5qf02Cv8AnSIb+SJMj1eBQoSvl7AjOMplm0VXglGLi5cb+AEIVF1dfBuYL2bA/DHuWSOUGLg+jRQGLer7DDdojCrK4DqrbA3r/3ppCLQ6hYvgGsbz0LhTYCTA9cgvkQQQaiZqEC1EhMs/J2haE9gtilT\"\n\npackages:\n  - epel-release\n  - nginx\n"
            },
            "name": "fs-server",
            "network_acceleration_type": "standard",
            "network_interface": [
              {
                "dns_record": [],
                "index": 0,
                "ip_address": "192.168.10.29",
                "ipv4": true,
                "ipv6": false,
                "ipv6_address": "",
                "ipv6_dns_record": [],
                "mac_address": "d0:0d:73:59:3d:4d",
                "nat": true,
                "nat_dns_record": [],
                "nat_ip_address": "51.250.76.45",
                "nat_ip_version": "IPV4",
                "security_group_ids": [],
                "subnet_id": "e9b7vitdio3bna4tu04l"
              }
            ],
            "placement_policy": [
              {
                "host_affinity_rules": [],
                "placement_group_id": ""
              }
            ],
            "platform_id": "standard-v1",
            "resources": [
              {
                "core_fraction": 100,
                "cores": 2,
                "gpus": 0,
                "memory": 2
              }
            ],
            "scheduling_policy": [
              {
                "preemptible": true
              }
            ],
            "secondary_disk": [
              {
                "auto_delete": false,
                "device_name": "fhmtr2svaf0bb7blkj5r",
                "disk_id": "fhmtr2svaf0bb7blkj5r",
                "mode": "READ_WRITE"
              }
            ],
            "service_account_id": "",
            "status": "running",
            "timeouts": null,
            "zone": "ru-central1-a"
          },
          "sensitive_attributes": [],
          "private": "eyJlMmJmYjczMC1lY2FhLTExZTYtOGY4OC0zNDM2M2JjN2M0YzAiOnsiY3JlYXRlIjozMDAwMDAwMDAwMDAsImRlbGV0ZSI6MzAwMDAwMDAwMDAwLCJ1cGRhdGUiOjMwMDAwMDAwMDAwMH0sInNjaGVtYV92ZXJzaW9uIjoiMSJ9",
          "dependencies": [
            "yandex_compute_disk.data-disk",
            "yandex_compute_image.centos-7",
            "yandex_vpc_network.network-1",
            "yandex_vpc_subnet.subnet-1"
          ]
        }
      ]
    },
    {
      "mode": "managed",
      "type": "yandex_vpc_network",
      "name": "network-1",
      "provider": "provider[\"registry.terraform.io/yandex-cloud/yandex\"]",
      "instances": [
        {
          "schema_version": 0,
          "attributes": {
            "created_at": "2022-12-07T20:13:21Z",
            "default_security_group_id": "",
            "description": "",
            "folder_id": "b1goupnugjp1vh1mvfkv",
            "id": "enpq2k56k14o5m0if2o5",
            "labels": {},
            "name": "network1",
            "subnet_ids": [
              "e9b7vitdio3bna4tu04l"
            ],
            "timeouts": null
          },
          "sensitive_attributes": [],
          "private": "eyJlMmJmYjczMC1lY2FhLTExZTYtOGY4OC0zNDM2M2JjN2M0YzAiOnsiY3JlYXRlIjo2MDAwMDAwMDAwMCwiZGVsZXRlIjo2MDAwMDAwMDAwMCwidXBkYXRlIjo2MDAwMDAwMDAwMH19"
        }
      ]
    },
    {
      "mode": "managed",
      "type": "yandex_vpc_subnet",
      "name": "subnet-1",
      "provider": "provider[\"registry.terraform.io/yandex-cloud/yandex\"]",
      "instances": [
        {
          "schema_version": 0,
          "attributes": {
            "created_at": "2022-12-07T20:13:22Z",
            "description": "",
            "dhcp_options": [],
            "folder_id": "b1goupnugjp1vh1mvfkv",
            "id": "e9b7vitdio3bna4tu04l",
            "labels": {},
            "name": "subnet-1",
            "network_id": "enpq2k56k14o5m0if2o5",
            "route_table_id": "",
            "timeouts": null,
            "v4_cidr_blocks": [
              "192.168.10.0/24"
            ],
            "v6_cidr_blocks": [],
            "zone": "ru-central1-a"
          },
          "sensitive_attributes": [],
          "private": "eyJlMmJmYjczMC1lY2FhLTExZTYtOGY4OC0zNDM2M2JjN2M0YzAiOnsiY3JlYXRlIjoxODAwMDAwMDAwMDAsImRlbGV0ZSI6MTgwMDAwMDAwMDAwLCJ1cGRhdGUiOjE4MDAwMDAwMDAwMH19",
          "dependencies": [
            "yandex_vpc_network.network-1"
          ]
        }
      ]
    }
  ],
  "check_results": null
}
